// !$*UTF8*$!
{
	archiveVersion = 1;
	classes = {
	};
	objectVersion = 46;
	objects = {

/* Begin PBXBuildFile section */
		8407B6471F45CA73000F25AC /* Formula.storyboard in Resources */ = {isa = PBXBuildFile; fileRef = 8407B6451F45CA73000F25AC /* Formula.storyboard */; };
		8407B6491F45CAA8000F25AC /* Favorite.storyboard in Resources */ = {isa = PBXBuildFile; fileRef = 8407B6481F45CAA8000F25AC /* Favorite.storyboard */; };
		8407B64C1F45CACC000F25AC /* Patient.storyboard in Resources */ = {isa = PBXBuildFile; fileRef = 8407B64A1F45CACC000F25AC /* Patient.storyboard */; };
		840D78D01F472E800016E7FD /* AppInit.swift in Sources */ = {isa = PBXBuildFile; fileRef = 840D78CF1F472E800016E7FD /* AppInit.swift */; };
		8421DB191F45EA1000C1997B /* Data.swift in Sources */ = {isa = PBXBuildFile; fileRef = 8421DB181F45EA1000C1997B /* Data.swift */; };
		845C0DB71F45D07D0092CE29 /* Patient.swift in Sources */ = {isa = PBXBuildFile; fileRef = 845C0DB61F45D07D0092CE29 /* Patient.swift */; };
		848873131F47E9D500A066A2 /* CategoryViewController.swift in Sources */ = {isa = PBXBuildFile; fileRef = 848873121F47E9D500A066A2 /* CategoryViewController.swift */; };
		848C34A81F488D83002E36E8 /* FormulaController.swift in Sources */ = {isa = PBXBuildFile; fileRef = 848C34A71F488D83002E36E8 /* FormulaController.swift */; };
		84A8D0681F45C7E6003FCB55 /* AppDelegate.swift in Sources */ = {isa = PBXBuildFile; fileRef = 84A8D0671F45C7E6003FCB55 /* AppDelegate.swift */; };
		84A8D06A1F45C7E6003FCB55 /* ViewController.swift in Sources */ = {isa = PBXBuildFile; fileRef = 84A8D0691F45C7E6003FCB55 /* ViewController.swift */; };
		84A8D06D1F45C7E6003FCB55 /* Main.storyboard in Resources */ = {isa = PBXBuildFile; fileRef = 84A8D06B1F45C7E6003FCB55 /* Main.storyboard */; };
		84A8D06F1F45C7E6003FCB55 /* Assets.xcassets in Resources */ = {isa = PBXBuildFile; fileRef = 84A8D06E1F45C7E6003FCB55 /* Assets.xcassets */; };
		84A8D0721F45C7E6003FCB55 /* LaunchScreen.storyboard in Resources */ = {isa = PBXBuildFile; fileRef = 84A8D0701F45C7E6003FCB55 /* LaunchScreen.storyboard */; };
		84A8D07D1F45C7E6003FCB55 /* ICUcalTests.swift in Sources */ = {isa = PBXBuildFile; fileRef = 84A8D07C1F45C7E6003FCB55 /* ICUcalTests.swift */; };
		84A8D0881F45C7E6003FCB55 /* ICUcalUITests.swift in Sources */ = {isa = PBXBuildFile; fileRef = 84A8D0871F45C7E6003FCB55 /* ICUcalUITests.swift */; };
		84DED5521F45D8EC0039194B /* NewPatient.swift in Sources */ = {isa = PBXBuildFile; fileRef = 84DED5511F45D8EC0039194B /* NewPatient.swift */; };
		84DED5541F45E4D90039194B /* Profile.swift in Sources */ = {isa = PBXBuildFile; fileRef = 84DED5531F45E4D90039194B /* Profile.swift */; };
		84F3FB291F49B2BA00E07316 /* CalculateViewController.swift in Sources */ = {isa = PBXBuildFile; fileRef = 84F3FB281F49B2BA00E07316 /* CalculateViewController.swift */; };
		904CC9160C38FD15EB2A97CC /* Pods_ICUcalTests.framework in Frameworks */ = {isa = PBXBuildFile; fileRef = 24BCF9FF832F8E072A2D282C /* Pods_ICUcalTests.framework */; };
		DAA4826E878BF004CA2C02E8 /* Pods_ICUcal.framework in Frameworks */ = {isa = PBXBuildFile; fileRef = B33529F6DCD956A9443AB83F /* Pods_ICUcal.framework */; };
		F1ACE11FF2E301A9F4C31214 /* Pods_ICUcalUITests.framework in Frameworks */ = {isa = PBXBuildFile; fileRef = 13E36368E4119768D19267E2 /* Pods_ICUcalUITests.framework */; };
/* End PBXBuildFile section */

/* Begin PBXContainerItemProxy section */
		84A8D0791F45C7E6003FCB55 /* PBXContainerItemProxy */ = {
			isa = PBXContainerItemProxy;
			containerPortal = 84A8D05C1F45C7E5003FCB55 /* Project object */;
			proxyType = 1;
			remoteGlobalIDString = 84A8D0631F45C7E5003FCB55;
			remoteInfo = ICUcal;
		};
		84A8D0841F45C7E6003FCB55 /* PBXContainerItemProxy */ = {
			isa = PBXContainerItemProxy;
			containerPortal = 84A8D05C1F45C7E5003FCB55 /* Project object */;
			proxyType = 1;
			remoteGlobalIDString = 84A8D0631F45C7E5003FCB55;
			remoteInfo = ICUcal;
		};
/* End PBXContainerItemProxy section */

/* Begin PBXFileReference section */
		0EF30DF53BBACDF2A048D9C8 /* Pods-ICUcal.debug.xcconfig */ = {isa = PBXFileReference; includeInIndex = 1; lastKnownFileType = text.xcconfig; name = "Pods-ICUcal.debug.xcconfig"; path = "Pods/Target Support Files/Pods-ICUcal/Pods-ICUcal.debug.xcconfig"; sourceTree = "<group>"; };
		13E36368E4119768D19267E2 /* Pods_ICUcalUITests.framework */ = {isa = PBXFileReference; explicitFileType = wrapper.framework; includeInIndex = 0; path = Pods_ICUcalUITests.framework; sourceTree = BUILT_PRODUCTS_DIR; };
		1E6DE55BBD5471721674950D /* Pods-ICUcalTests.release.xcconfig */ = {isa = PBXFileReference; includeInIndex = 1; lastKnownFileType = text.xcconfig; name = "Pods-ICUcalTests.release.xcconfig"; path = "Pods/Target Support Files/Pods-ICUcalTests/Pods-ICUcalTests.release.xcconfig"; sourceTree = "<group>"; };
		24BCF9FF832F8E072A2D282C /* Pods_ICUcalTests.framework */ = {isa = PBXFileReference; explicitFileType = wrapper.framework; includeInIndex = 0; path = Pods_ICUcalTests.framework; sourceTree = BUILT_PRODUCTS_DIR; };
		24DD54E58F75471470E52876 /* Pods-ICUcalUITests.debug.xcconfig */ = {isa = PBXFileReference; includeInIndex = 1; lastKnownFileType = text.xcconfig; name = "Pods-ICUcalUITests.debug.xcconfig"; path = "Pods/Target Support Files/Pods-ICUcalUITests/Pods-ICUcalUITests.debug.xcconfig"; sourceTree = "<group>"; };
		5FE3F563D50B630F3A8A1BB2 /* Pods-ICUcal.release.xcconfig */ = {isa = PBXFileReference; includeInIndex = 1; lastKnownFileType = text.xcconfig; name = "Pods-ICUcal.release.xcconfig"; path = "Pods/Target Support Files/Pods-ICUcal/Pods-ICUcal.release.xcconfig"; sourceTree = "<group>"; };
		8407B6461F45CA73000F25AC /* Base */ = {isa = PBXFileReference; lastKnownFileType = file.storyboard; name = Base; path = Base.lproj/Formula.storyboard; sourceTree = "<group>"; };
		8407B6481F45CAA8000F25AC /* Favorite.storyboard */ = {isa = PBXFileReference; fileEncoding = 4; lastKnownFileType = file.storyboard; path = Favorite.storyboard; sourceTree = "<group>"; };
		8407B64B1F45CACC000F25AC /* Base */ = {isa = PBXFileReference; lastKnownFileType = file.storyboard; name = Base; path = Base.lproj/Patient.storyboard; sourceTree = "<group>"; };
		840D78CF1F472E800016E7FD /* AppInit.swift */ = {isa = PBXFileReference; fileEncoding = 4; lastKnownFileType = sourcecode.swift; path = AppInit.swift; sourceTree = "<group>"; };
		8421DB181F45EA1000C1997B /* Data.swift */ = {isa = PBXFileReference; fileEncoding = 4; lastKnownFileType = sourcecode.swift; path = Data.swift; sourceTree = "<group>"; };
		845C0DB61F45D07D0092CE29 /* Patient.swift */ = {isa = PBXFileReference; lastKnownFileType = sourcecode.swift; path = Patient.swift; sourceTree = "<group>"; };
		848873121F47E9D500A066A2 /* CategoryViewController.swift */ = {isa = PBXFileReference; fileEncoding = 4; lastKnownFileType = sourcecode.swift; path = CategoryViewController.swift; sourceTree = "<group>"; };
		848C34A71F488D83002E36E8 /* FormulaController.swift */ = {isa = PBXFileReference; fileEncoding = 4; lastKnownFileType = sourcecode.swift; path = FormulaController.swift; sourceTree = "<group>"; };
		84A8D0641F45C7E6003FCB55 /* ICUcal.app */ = {isa = PBXFileReference; explicitFileType = wrapper.application; includeInIndex = 0; path = ICUcal.app; sourceTree = BUILT_PRODUCTS_DIR; };
		84A8D0671F45C7E6003FCB55 /* AppDelegate.swift */ = {isa = PBXFileReference; lastKnownFileType = sourcecode.swift; path = AppDelegate.swift; sourceTree = "<group>"; };
		84A8D0691F45C7E6003FCB55 /* ViewController.swift */ = {isa = PBXFileReference; lastKnownFileType = sourcecode.swift; path = ViewController.swift; sourceTree = "<group>"; };
		84A8D06C1F45C7E6003FCB55 /* Base */ = {isa = PBXFileReference; lastKnownFileType = file.storyboard; name = Base; path = Base.lproj/Main.storyboard; sourceTree = "<group>"; };
		84A8D06E1F45C7E6003FCB55 /* Assets.xcassets */ = {isa = PBXFileReference; lastKnownFileType = folder.assetcatalog; path = Assets.xcassets; sourceTree = "<group>"; };
		84A8D0711F45C7E6003FCB55 /* Base */ = {isa = PBXFileReference; lastKnownFileType = file.storyboard; name = Base; path = Base.lproj/LaunchScreen.storyboard; sourceTree = "<group>"; };
		84A8D0731F45C7E6003FCB55 /* Info.plist */ = {isa = PBXFileReference; lastKnownFileType = text.plist.xml; path = Info.plist; sourceTree = "<group>"; };
		84A8D0781F45C7E6003FCB55 /* ICUcalTests.xctest */ = {isa = PBXFileReference; explicitFileType = wrapper.cfbundle; includeInIndex = 0; path = ICUcalTests.xctest; sourceTree = BUILT_PRODUCTS_DIR; };
		84A8D07C1F45C7E6003FCB55 /* ICUcalTests.swift */ = {isa = PBXFileReference; lastKnownFileType = sourcecode.swift; path = ICUcalTests.swift; sourceTree = "<group>"; };
		84A8D07E1F45C7E6003FCB55 /* Info.plist */ = {isa = PBXFileReference; lastKnownFileType = text.plist.xml; path = Info.plist; sourceTree = "<group>"; };
		84A8D0831F45C7E6003FCB55 /* ICUcalUITests.xctest */ = {isa = PBXFileReference; explicitFileType = wrapper.cfbundle; includeInIndex = 0; path = ICUcalUITests.xctest; sourceTree = BUILT_PRODUCTS_DIR; };
		84A8D0871F45C7E6003FCB55 /* ICUcalUITests.swift */ = {isa = PBXFileReference; lastKnownFileType = sourcecode.swift; path = ICUcalUITests.swift; sourceTree = "<group>"; };
		84A8D0891F45C7E6003FCB55 /* Info.plist */ = {isa = PBXFileReference; lastKnownFileType = text.plist.xml; path = Info.plist; sourceTree = "<group>"; };
		84DED5511F45D8EC0039194B /* NewPatient.swift */ = {isa = PBXFileReference; fileEncoding = 4; lastKnownFileType = sourcecode.swift; path = NewPatient.swift; sourceTree = "<group>"; };
		84DED5531F45E4D90039194B /* Profile.swift */ = {isa = PBXFileReference; fileEncoding = 4; lastKnownFileType = sourcecode.swift; path = Profile.swift; sourceTree = "<group>"; };
		84F3FB281F49B2BA00E07316 /* CalculateViewController.swift */ = {isa = PBXFileReference; fileEncoding = 4; lastKnownFileType = sourcecode.swift; path = CalculateViewController.swift; sourceTree = "<group>"; };
		8A4FCDDD3FE43A7233851248 /* Pods-ICUcalTests.debug.xcconfig */ = {isa = PBXFileReference; includeInIndex = 1; lastKnownFileType = text.xcconfig; name = "Pods-ICUcalTests.debug.xcconfig"; path = "Pods/Target Support Files/Pods-ICUcalTests/Pods-ICUcalTests.debug.xcconfig"; sourceTree = "<group>"; };
		B33529F6DCD956A9443AB83F /* Pods_ICUcal.framework */ = {isa = PBXFileReference; explicitFileType = wrapper.framework; includeInIndex = 0; path = Pods_ICUcal.framework; sourceTree = BUILT_PRODUCTS_DIR; };
		C7092100A86447F727C75956 /* Pods-ICUcalUITests.release.xcconfig */ = {isa = PBXFileReference; includeInIndex = 1; lastKnownFileType = text.xcconfig; name = "Pods-ICUcalUITests.release.xcconfig"; path = "Pods/Target Support Files/Pods-ICUcalUITests/Pods-ICUcalUITests.release.xcconfig"; sourceTree = "<group>"; };
/* End PBXFileReference section */

/* Begin PBXFrameworksBuildPhase section */
		84A8D0611F45C7E5003FCB55 /* Frameworks */ = {
			isa = PBXFrameworksBuildPhase;
			buildActionMask = 2147483647;
			files = (
				DAA4826E878BF004CA2C02E8 /* Pods_ICUcal.framework in Frameworks */,
			);
			runOnlyForDeploymentPostprocessing = 0;
		};
		84A8D0751F45C7E6003FCB55 /* Frameworks */ = {
			isa = PBXFrameworksBuildPhase;
			buildActionMask = 2147483647;
			files = (
				904CC9160C38FD15EB2A97CC /* Pods_ICUcalTests.framework in Frameworks */,
			);
			runOnlyForDeploymentPostprocessing = 0;
		};
		84A8D0801F45C7E6003FCB55 /* Frameworks */ = {
			isa = PBXFrameworksBuildPhase;
			buildActionMask = 2147483647;
			files = (
				F1ACE11FF2E301A9F4C31214 /* Pods_ICUcalUITests.framework in Frameworks */,
			);
			runOnlyForDeploymentPostprocessing = 0;
		};
/* End PBXFrameworksBuildPhase section */

/* Begin PBXGroup section */
		0DF82D35777AC0AFAB3418B4 /* Frameworks */ = {
			isa = PBXGroup;
			children = (
				B33529F6DCD956A9443AB83F /* Pods_ICUcal.framework */,
				24BCF9FF832F8E072A2D282C /* Pods_ICUcalTests.framework */,
				13E36368E4119768D19267E2 /* Pods_ICUcalUITests.framework */,
			);
			name = Frameworks;
			sourceTree = "<group>";
		};
		5FF777DF93FBE86A53BBDA83 /* Pods */ = {
			isa = PBXGroup;
			children = (
				0EF30DF53BBACDF2A048D9C8 /* Pods-ICUcal.debug.xcconfig */,
				5FE3F563D50B630F3A8A1BB2 /* Pods-ICUcal.release.xcconfig */,
				8A4FCDDD3FE43A7233851248 /* Pods-ICUcalTests.debug.xcconfig */,
				1E6DE55BBD5471721674950D /* Pods-ICUcalTests.release.xcconfig */,
				24DD54E58F75471470E52876 /* Pods-ICUcalUITests.debug.xcconfig */,
				C7092100A86447F727C75956 /* Pods-ICUcalUITests.release.xcconfig */,
			);
			name = Pods;
			sourceTree = "<group>";
		};
		84A8D05B1F45C7E5003FCB55 = {
			isa = PBXGroup;
			children = (
				84A8D0661F45C7E6003FCB55 /* ICUcal */,
				84A8D07B1F45C7E6003FCB55 /* ICUcalTests */,
				84A8D0861F45C7E6003FCB55 /* ICUcalUITests */,
				84A8D0651F45C7E6003FCB55 /* Products */,
				5FF777DF93FBE86A53BBDA83 /* Pods */,
				0DF82D35777AC0AFAB3418B4 /* Frameworks */,
			);
			sourceTree = "<group>";
		};
		84A8D0651F45C7E6003FCB55 /* Products */ = {
			isa = PBXGroup;
			children = (
				84A8D0641F45C7E6003FCB55 /* ICUcal.app */,
				84A8D0781F45C7E6003FCB55 /* ICUcalTests.xctest */,
				84A8D0831F45C7E6003FCB55 /* ICUcalUITests.xctest */,
			);
			name = Products;
			sourceTree = "<group>";
		};
		84A8D0661F45C7E6003FCB55 /* ICUcal */ = {
			isa = PBXGroup;
			children = (
				84A8D0671F45C7E6003FCB55 /* AppDelegate.swift */,
				84A8D0691F45C7E6003FCB55 /* ViewController.swift */,
				84A8D06B1F45C7E6003FCB55 /* Main.storyboard */,
				8407B64A1F45CACC000F25AC /* Patient.storyboard */,
				845C0DB61F45D07D0092CE29 /* Patient.swift */,
				84DED5531F45E4D90039194B /* Profile.swift */,
				84DED5511F45D8EC0039194B /* NewPatient.swift */,
				8421DB181F45EA1000C1997B /* Data.swift */,
				840D78CF1F472E800016E7FD /* AppInit.swift */,
				8407B6481F45CAA8000F25AC /* Favorite.storyboard */,
				8407B6451F45CA73000F25AC /* Formula.storyboard */,
				848873121F47E9D500A066A2 /* CategoryViewController.swift */,
				848C34A71F488D83002E36E8 /* FormulaController.swift */,
				84F3FB281F49B2BA00E07316 /* CalculateViewController.swift */,
				84A8D06E1F45C7E6003FCB55 /* Assets.xcassets */,
				84A8D0701F45C7E6003FCB55 /* LaunchScreen.storyboard */,
				84A8D0731F45C7E6003FCB55 /* Info.plist */,
			);
			path = ICUcal;
			sourceTree = "<group>";
		};
		84A8D07B1F45C7E6003FCB55 /* ICUcalTests */ = {
			isa = PBXGroup;
			children = (
				84A8D07C1F45C7E6003FCB55 /* ICUcalTests.swift */,
				84A8D07E1F45C7E6003FCB55 /* Info.plist */,
			);
			path = ICUcalTests;
			sourceTree = "<group>";
		};
		84A8D0861F45C7E6003FCB55 /* ICUcalUITests */ = {
			isa = PBXGroup;
			children = (
				84A8D0871F45C7E6003FCB55 /* ICUcalUITests.swift */,
				84A8D0891F45C7E6003FCB55 /* Info.plist */,
			);
			path = ICUcalUITests;
			sourceTree = "<group>";
		};
/* End PBXGroup section */

/* Begin PBXNativeTarget section */
		84A8D0631F45C7E5003FCB55 /* ICUcal */ = {
			isa = PBXNativeTarget;
			buildConfigurationList = 84A8D08C1F45C7E6003FCB55 /* Build configuration list for PBXNativeTarget "ICUcal" */;
			buildPhases = (
				8C145B265EB26979C2A6F136 /* [CP] Check Pods Manifest.lock */,
				84A8D0601F45C7E5003FCB55 /* Sources */,
				84A8D0611F45C7E5003FCB55 /* Frameworks */,
				84A8D0621F45C7E5003FCB55 /* Resources */,
				B3002E19562683E2F93BBE0A /* [CP] Embed Pods Frameworks */,
				7CB66650DAA9A937DFDD51BD /* [CP] Copy Pods Resources */,
			);
			buildRules = (
			);
			dependencies = (
			);
			name = ICUcal;
			productName = ICUcal;
			productReference = 84A8D0641F45C7E6003FCB55 /* ICUcal.app */;
			productType = "com.apple.product-type.application";
		};
		84A8D0771F45C7E6003FCB55 /* ICUcalTests */ = {
			isa = PBXNativeTarget;
			buildConfigurationList = 84A8D08F1F45C7E6003FCB55 /* Build configuration list for PBXNativeTarget "ICUcalTests" */;
			buildPhases = (
				6FE267F6A0DC69952D7528D6 /* [CP] Check Pods Manifest.lock */,
				84A8D0741F45C7E6003FCB55 /* Sources */,
				84A8D0751F45C7E6003FCB55 /* Frameworks */,
				84A8D0761F45C7E6003FCB55 /* Resources */,
				E60325F5537BA7C28375655A /* [CP] Embed Pods Frameworks */,
				C6BCA2DBE55EF99AD8CF7AC4 /* [CP] Copy Pods Resources */,
			);
			buildRules = (
			);
			dependencies = (
				84A8D07A1F45C7E6003FCB55 /* PBXTargetDependency */,
			);
			name = ICUcalTests;
			productName = ICUcalTests;
			productReference = 84A8D0781F45C7E6003FCB55 /* ICUcalTests.xctest */;
			productType = "com.apple.product-type.bundle.unit-test";
		};
		84A8D0821F45C7E6003FCB55 /* ICUcalUITests */ = {
			isa = PBXNativeTarget;
			buildConfigurationList = 84A8D0921F45C7E6003FCB55 /* Build configuration list for PBXNativeTarget "ICUcalUITests" */;
			buildPhases = (
				A81B556E1EE76722332EEC62 /* [CP] Check Pods Manifest.lock */,
				84A8D07F1F45C7E6003FCB55 /* Sources */,
				84A8D0801F45C7E6003FCB55 /* Frameworks */,
				84A8D0811F45C7E6003FCB55 /* Resources */,
				8694C7B177DF63FF4F092E6C /* [CP] Embed Pods Frameworks */,
				819E0B3DBD9F84D471F28BDB /* [CP] Copy Pods Resources */,
			);
			buildRules = (
			);
			dependencies = (
				84A8D0851F45C7E6003FCB55 /* PBXTargetDependency */,
			);
			name = ICUcalUITests;
			productName = ICUcalUITests;
			productReference = 84A8D0831F45C7E6003FCB55 /* ICUcalUITests.xctest */;
			productType = "com.apple.product-type.bundle.ui-testing";
		};
/* End PBXNativeTarget section */

/* Begin PBXProject section */
		84A8D05C1F45C7E5003FCB55 /* Project object */ = {
			isa = PBXProject;
			attributes = {
				LastSwiftUpdateCheck = 0830;
				LastUpgradeCheck = 0830;
				ORGANIZATIONNAME = Thinc;
				TargetAttributes = {
					84A8D0631F45C7E5003FCB55 = {
						CreatedOnToolsVersion = 8.3.3;
						DevelopmentTeam = TTBVAW2S4M;
						ProvisioningStyle = Automatic;
					};
					84A8D0771F45C7E6003FCB55 = {
						CreatedOnToolsVersion = 8.3.3;
						DevelopmentTeam = TTBVAW2S4M;
						ProvisioningStyle = Automatic;
						TestTargetID = 84A8D0631F45C7E5003FCB55;
					};
					84A8D0821F45C7E6003FCB55 = {
						CreatedOnToolsVersion = 8.3.3;
						DevelopmentTeam = TTBVAW2S4M;
						ProvisioningStyle = Automatic;
						TestTargetID = 84A8D0631F45C7E5003FCB55;
					};
				};
			};
			buildConfigurationList = 84A8D05F1F45C7E5003FCB55 /* Build configuration list for PBXProject "ICUcal" */;
			compatibilityVersion = "Xcode 3.2";
			developmentRegion = English;
			hasScannedForEncodings = 0;
			knownRegions = (
				en,
				Base,
			);
			mainGroup = 84A8D05B1F45C7E5003FCB55;
			productRefGroup = 84A8D0651F45C7E6003FCB55 /* Products */;
			projectDirPath = "";
			projectRoot = "";
			targets = (
				84A8D0631F45C7E5003FCB55 /* ICUcal */,
				84A8D0771F45C7E6003FCB55 /* ICUcalTests */,
				84A8D0821F45C7E6003FCB55 /* ICUcalUITests */,
			);
		};
/* End PBXProject section */

/* Begin PBXResourcesBuildPhase section */
		84A8D0621F45C7E5003FCB55 /* Resources */ = {
			isa = PBXResourcesBuildPhase;
			buildActionMask = 2147483647;
			files = (
				84A8D0721F45C7E6003FCB55 /* LaunchScreen.storyboard in Resources */,
				84A8D06F1F45C7E6003FCB55 /* Assets.xcassets in Resources */,
				84A8D06D1F45C7E6003FCB55 /* Main.storyboard in Resources */,
				8407B6491F45CAA8000F25AC /* Favorite.storyboard in Resources */,
				8407B64C1F45CACC000F25AC /* Patient.storyboard in Resources */,
				8407B6471F45CA73000F25AC /* Formula.storyboard in Resources */,
			);
			runOnlyForDeploymentPostprocessing = 0;
		};
		84A8D0761F45C7E6003FCB55 /* Resources */ = {
			isa = PBXResourcesBuildPhase;
			buildActionMask = 2147483647;
			files = (
			);
			runOnlyForDeploymentPostprocessing = 0;
		};
		84A8D0811F45C7E6003FCB55 /* Resources */ = {
			isa = PBXResourcesBuildPhase;
			buildActionMask = 2147483647;
			files = (
			);
			runOnlyForDeploymentPostprocessing = 0;
		};
/* End PBXResourcesBuildPhase section */

/* Begin PBXShellScriptBuildPhase section */
		6FE267F6A0DC69952D7528D6 /* [CP] Check Pods Manifest.lock */ = {
			isa = PBXShellScriptBuildPhase;
			buildActionMask = 2147483647;
			files = (
			);
			inputPaths = (
				"${PODS_PODFILE_DIR_PATH}/Podfile.lock",
				"${PODS_ROOT}/Manifest.lock",
			);
			name = "[CP] Check Pods Manifest.lock";
			outputPaths = (
				"$(DERIVED_FILE_DIR)/Pods-ICUcalTests-checkManifestLockResult.txt",
			);
			runOnlyForDeploymentPostprocessing = 0;
			shellPath = /bin/sh;
			shellScript = "diff \"${PODS_PODFILE_DIR_PATH}/Podfile.lock\" \"${PODS_ROOT}/Manifest.lock\" > /dev/null\nif [ $? != 0 ] ; then\n    # print error to STDERR\n    echo \"error: The sandbox is not in sync with the Podfile.lock. Run 'pod install' or update your CocoaPods installation.\" >&2\n    exit 1\nfi\n# This output is used by Xcode 'outputs' to avoid re-running this script phase.\necho \"SUCCESS\" > \"${SCRIPT_OUTPUT_FILE_0}\"\n";
			showEnvVarsInLog = 0;
		};
		7CB66650DAA9A937DFDD51BD /* [CP] Copy Pods Resources */ = {
			isa = PBXShellScriptBuildPhase;
			buildActionMask = 2147483647;
			files = (
			);
			inputPaths = (
			);
			name = "[CP] Copy Pods Resources";
			outputPaths = (
			);
			runOnlyForDeploymentPostprocessing = 0;
			shellPath = /bin/sh;
			shellScript = "\"${SRCROOT}/Pods/Target Support Files/Pods-ICUcal/Pods-ICUcal-resources.sh\"\n";
			showEnvVarsInLog = 0;
		};
		819E0B3DBD9F84D471F28BDB /* [CP] Copy Pods Resources */ = {
			isa = PBXShellScriptBuildPhase;
			buildActionMask = 2147483647;
			files = (
			);
			inputPaths = (
			);
			name = "[CP] Copy Pods Resources";
			outputPaths = (
			);
			runOnlyForDeploymentPostprocessing = 0;
			shellPath = /bin/sh;
			shellScript = "\"${SRCROOT}/Pods/Target Support Files/Pods-ICUcalUITests/Pods-ICUcalUITests-resources.sh\"\n";
			showEnvVarsInLog = 0;
		};
		8694C7B177DF63FF4F092E6C /* [CP] Embed Pods Frameworks */ = {
			isa = PBXShellScriptBuildPhase;
			buildActionMask = 2147483647;
			files = (
			);
			inputPaths = (
			);
			name = "[CP] Embed Pods Frameworks";
			outputPaths = (
			);
			runOnlyForDeploymentPostprocessing = 0;
			shellPath = /bin/sh;
			shellScript = "\"${SRCROOT}/Pods/Target Support Files/Pods-ICUcalUITests/Pods-ICUcalUITests-frameworks.sh\"\n";
			showEnvVarsInLog = 0;
		};
		8C145B265EB26979C2A6F136 /* [CP] Check Pods Manifest.lock */ = {
			isa = PBXShellScriptBuildPhase;
			buildActionMask = 2147483647;
			files = (
			);
			inputPaths = (
				"${PODS_PODFILE_DIR_PATH}/Podfile.lock",
				"${PODS_ROOT}/Manifest.lock",
			);
			name = "[CP] Check Pods Manifest.lock";
			outputPaths = (
				"$(DERIVED_FILE_DIR)/Pods-ICUcal-checkManifestLockResult.txt",
			);
			runOnlyForDeploymentPostprocessing = 0;
			shellPath = /bin/sh;
			shellScript = "diff \"${PODS_PODFILE_DIR_PATH}/Podfile.lock\" \"${PODS_ROOT}/Manifest.lock\" > /dev/null\nif [ $? != 0 ] ; then\n    # print error to STDERR\n    echo \"error: The sandbox is not in sync with the Podfile.lock. Run 'pod install' or update your CocoaPods installation.\" >&2\n    exit 1\nfi\n# This output is used by Xcode 'outputs' to avoid re-running this script phase.\necho \"SUCCESS\" > \"${SCRIPT_OUTPUT_FILE_0}\"\n";
			showEnvVarsInLog = 0;
		};
		A81B556E1EE76722332EEC62 /* [CP] Check Pods Manifest.lock */ = {
			isa = PBXShellScriptBuildPhase;
			buildActionMask = 2147483647;
			files = (
			);
			inputPaths = (
				"${PODS_PODFILE_DIR_PATH}/Podfile.lock",
				"${PODS_ROOT}/Manifest.lock",
			);
			name = "[CP] Check Pods Manifest.lock";
			outputPaths = (
				"$(DERIVED_FILE_DIR)/Pods-ICUcalUITests-checkManifestLockResult.txt",
			);
			runOnlyForDeploymentPostprocessing = 0;
			shellPath = /bin/sh;
			shellScript = "diff \"${PODS_PODFILE_DIR_PATH}/Podfile.lock\" \"${PODS_ROOT}/Manifest.lock\" > /dev/null\nif [ $? != 0 ] ; then\n    # print error to STDERR\n    echo \"error: The sandbox is not in sync with the Podfile.lock. Run 'pod install' or update your CocoaPods installation.\" >&2\n    exit 1\nfi\n# This output is used by Xcode 'outputs' to avoid re-running this script phase.\necho \"SUCCESS\" > \"${SCRIPT_OUTPUT_FILE_0}\"\n";
			showEnvVarsInLog = 0;
		};
		B3002E19562683E2F93BBE0A /* [CP] Embed Pods Frameworks */ = {
			isa = PBXShellScriptBuildPhase;
			buildActionMask = 2147483647;
			files = (
			);
			inputPaths = (
				"${SRCROOT}/Pods/Target Support Files/Pods-ICUcal/Pods-ICUcal-frameworks.sh",
				"${BUILT_PRODUCTS_DIR}/IQKeyboardManagerSwift/IQKeyboardManagerSwift.framework",
				"${BUILT_PRODUCTS_DIR}/Realm/Realm.framework",
				"${BUILT_PRODUCTS_DIR}/RealmSwift/RealmSwift.framework",
				"${BUILT_PRODUCTS_DIR}/SwiftyJSON/SwiftyJSON.framework",
			);
			name = "[CP] Embed Pods Frameworks";
			outputPaths = (
				"${TARGET_BUILD_DIR}/${FRAMEWORKS_FOLDER_PATH}/IQKeyboardManagerSwift.framework",
				"${TARGET_BUILD_DIR}/${FRAMEWORKS_FOLDER_PATH}/Realm.framework",
				"${TARGET_BUILD_DIR}/${FRAMEWORKS_FOLDER_PATH}/RealmSwift.framework",
				"${TARGET_BUILD_DIR}/${FRAMEWORKS_FOLDER_PATH}/SwiftyJSON.framework",
			);
			runOnlyForDeploymentPostprocessing = 0;
			shellPath = /bin/sh;
			shellScript = "\"${SRCROOT}/Pods/Target Support Files/Pods-ICUcal/Pods-ICUcal-frameworks.sh\"\n";
			showEnvVarsInLog = 0;
		};
		C6BCA2DBE55EF99AD8CF7AC4 /* [CP] Copy Pods Resources */ = {
			isa = PBXShellScriptBuildPhase;
			buildActionMask = 2147483647;
			files = (
			);
			inputPaths = (
			);
			name = "[CP] Copy Pods Resources";
			outputPaths = (
			);
			runOnlyForDeploymentPostprocessing = 0;
			shellPath = /bin/sh;
			shellScript = "\"${SRCROOT}/Pods/Target Support Files/Pods-ICUcalTests/Pods-ICUcalTests-resources.sh\"\n";
			showEnvVarsInLog = 0;
		};
		E60325F5537BA7C28375655A /* [CP] Embed Pods Frameworks */ = {
			isa = PBXShellScriptBuildPhase;
			buildActionMask = 2147483647;
			files = (
			);
			inputPaths = (
			);
			name = "[CP] Embed Pods Frameworks";
			outputPaths = (
			);
			runOnlyForDeploymentPostprocessing = 0;
			shellPath = /bin/sh;
			shellScript = "\"${SRCROOT}/Pods/Target Support Files/Pods-ICUcalTests/Pods-ICUcalTests-frameworks.sh\"\n";
			showEnvVarsInLog = 0;
		};
/* End PBXShellScriptBuildPhase section */

/* Begin PBXSourcesBuildPhase section */
		84A8D0601F45C7E5003FCB55 /* Sources */ = {
			isa = PBXSourcesBuildPhase;
			buildActionMask = 2147483647;
			files = (
				84A8D06A1F45C7E6003FCB55 /* ViewController.swift in Sources */,
				8421DB191F45EA1000C1997B /* Data.swift in Sources */,
				84DED5541F45E4D90039194B /* Profile.swift in Sources */,
				84F3FB291F49B2BA00E07316 /* CalculateViewController.swift in Sources */,
				84A8D0681F45C7E6003FCB55 /* AppDelegate.swift in Sources */,
				848873131F47E9D500A066A2 /* CategoryViewController.swift in Sources */,
				84DED5521F45D8EC0039194B /* NewPatient.swift in Sources */,
				848C34A81F488D83002E36E8 /* FormulaController.swift in Sources */,
				840D78D01F472E800016E7FD /* AppInit.swift in Sources */,
				845C0DB71F45D07D0092CE29 /* Patient.swift in Sources */,
			);
			runOnlyForDeploymentPostprocessing = 0;
		};
		84A8D0741F45C7E6003FCB55 /* Sources */ = {
			isa = PBXSourcesBuildPhase;
			buildActionMask = 2147483647;
			files = (
				84A8D07D1F45C7E6003FCB55 /* ICUcalTests.swift in Sources */,
			);
			runOnlyForDeploymentPostprocessing = 0;
		};
		84A8D07F1F45C7E6003FCB55 /* Sources */ = {
			isa = PBXSourcesBuildPhase;
			buildActionMask = 2147483647;
			files = (
				84A8D0881F45C7E6003FCB55 /* ICUcalUITests.swift in Sources */,
			);
			runOnlyForDeploymentPostprocessing = 0;
		};
/* End PBXSourcesBuildPhase section */

/* Begin PBXTargetDependency section */
		84A8D07A1F45C7E6003FCB55 /* PBXTargetDependency */ = {
			isa = PBXTargetDependency;
			target = 84A8D0631F45C7E5003FCB55 /* ICUcal */;
			targetProxy = 84A8D0791F45C7E6003FCB55 /* PBXContainerItemProxy */;
		};
		84A8D0851F45C7E6003FCB55 /* PBXTargetDependency */ = {
			isa = PBXTargetDependency;
			target = 84A8D0631F45C7E5003FCB55 /* ICUcal */;
			targetProxy = 84A8D0841F45C7E6003FCB55 /* PBXContainerItemProxy */;
		};
/* End PBXTargetDependency section */

/* Begin PBXVariantGroup section */
		8407B6451F45CA73000F25AC /* Formula.storyboard */ = {
			isa = PBXVariantGroup;
			children = (
				8407B6461F45CA73000F25AC /* Base */,
			);
			name = Formula.storyboard;
			sourceTree = "<group>";
		};
		8407B64A1F45CACC000F25AC /* Patient.storyboard */ = {
			isa = PBXVariantGroup;
			children = (
				8407B64B1F45CACC000F25AC /* Base */,
			);
			name = Patient.storyboard;
			sourceTree = "<group>";
		};
		84A8D06B1F45C7E6003FCB55 /* Main.storyboard */ = {
			isa = PBXVariantGroup;
			children = (
				84A8D06C1F45C7E6003FCB55 /* Base */,
			);
			name = Main.storyboard;
			sourceTree = "<group>";
		};
		84A8D0701F45C7E6003FCB55 /* LaunchScreen.storyboard */ = {
			isa = PBXVariantGroup;
			children = (
				84A8D0711F45C7E6003FCB55 /* Base */,
			);
			name = LaunchScreen.storyboard;
			sourceTree = "<group>";
		};
/* End PBXVariantGroup section */

/* Begin XCBuildConfiguration section */
		84A8D08A1F45C7E6003FCB55 /* Debug */ = {
			isa = XCBuildConfiguration;
			buildSettings = {
				ALWAYS_SEARCH_USER_PATHS = NO;
				CLANG_ANALYZER_NONNULL = YES;
				CLANG_ANALYZER_NUMBER_OBJECT_CONVERSION = YES_AGGRESSIVE;
				CLANG_CXX_LANGUAGE_STANDARD = "gnu++0x";
				CLANG_CXX_LIBRARY = "libc++";
				CLANG_ENABLE_MODULES = YES;
				CLANG_ENABLE_OBJC_ARC = YES;
				CLANG_WARN_BOOL_CONVERSION = YES;
				CLANG_WARN_CONSTANT_CONVERSION = YES;
				CLANG_WARN_DIRECT_OBJC_ISA_USAGE = YES_ERROR;
				CLANG_WARN_DOCUMENTATION_COMMENTS = YES;
				CLANG_WARN_EMPTY_BODY = YES;
				CLANG_WARN_ENUM_CONVERSION = YES;
				CLANG_WARN_INFINITE_RECURSION = YES;
				CLANG_WARN_INT_CONVERSION = YES;
				CLANG_WARN_OBJC_ROOT_CLASS = YES_ERROR;
				CLANG_WARN_SUSPICIOUS_MOVE = YES;
				CLANG_WARN_UNREACHABLE_CODE = YES;
				CLANG_WARN__DUPLICATE_METHOD_MATCH = YES;
				"CODE_SIGN_IDENTITY[sdk=iphoneos*]" = "iPhone Developer";
				COPY_PHASE_STRIP = NO;
				DEBUG_INFORMATION_FORMAT = dwarf;
				ENABLE_STRICT_OBJC_MSGSEND = YES;
				ENABLE_TESTABILITY = YES;
				GCC_C_LANGUAGE_STANDARD = gnu99;
				GCC_DYNAMIC_NO_PIC = NO;
				GCC_NO_COMMON_BLOCKS = YES;
				GCC_OPTIMIZATION_LEVEL = 0;
				GCC_PREPROCESSOR_DEFINITIONS = (
					"DEBUG=1",
					"$(inherited)",
				);
				GCC_WARN_64_TO_32_BIT_CONVERSION = YES;
				GCC_WARN_ABOUT_RETURN_TYPE = YES_ERROR;
				GCC_WARN_UNDECLARED_SELECTOR = YES;
				GCC_WARN_UNINITIALIZED_AUTOS = YES_AGGRESSIVE;
				GCC_WARN_UNUSED_FUNCTION = YES;
				GCC_WARN_UNUSED_VARIABLE = YES;
				IPHONEOS_DEPLOYMENT_TARGET = 10.3;
				MTL_ENABLE_DEBUG_INFO = YES;
				ONLY_ACTIVE_ARCH = YES;
				SDKROOT = iphoneos;
				SWIFT_ACTIVE_COMPILATION_CONDITIONS = DEBUG;
				SWIFT_OPTIMIZATION_LEVEL = "-Onone";
				TARGETED_DEVICE_FAMILY = "1,2";
			};
			name = Debug;
		};
		84A8D08B1F45C7E6003FCB55 /* Release */ = {
			isa = XCBuildConfiguration;
			buildSettings = {
				ALWAYS_SEARCH_USER_PATHS = NO;
				CLANG_ANALYZER_NONNULL = YES;
				CLANG_ANALYZER_NUMBER_OBJECT_CONVERSION = YES_AGGRESSIVE;
				CLANG_CXX_LANGUAGE_STANDARD = "gnu++0x";
				CLANG_CXX_LIBRARY = "libc++";
				CLANG_ENABLE_MODULES = YES;
				CLANG_ENABLE_OBJC_ARC = YES;
				CLANG_WARN_BOOL_CONVERSION = YES;
				CLANG_WARN_CONSTANT_CONVERSION = YES;
				CLANG_WARN_DIRECT_OBJC_ISA_USAGE = YES_ERROR;
				CLANG_WARN_DOCUMENTATION_COMMENTS = YES;
				CLANG_WARN_EMPTY_BODY = YES;
				CLANG_WARN_ENUM_CONVERSION = YES;
				CLANG_WARN_INFINITE_RECURSION = YES;
				CLANG_WARN_INT_CONVERSION = YES;
				CLANG_WARN_OBJC_ROOT_CLASS = YES_ERROR;
				CLANG_WARN_SUSPICIOUS_MOVE = YES;
				CLANG_WARN_UNREACHABLE_CODE = YES;
				CLANG_WARN__DUPLICATE_METHOD_MATCH = YES;
				"CODE_SIGN_IDENTITY[sdk=iphoneos*]" = "iPhone Developer";
				COPY_PHASE_STRIP = NO;
				DEBUG_INFORMATION_FORMAT = "dwarf-with-dsym";
				ENABLE_NS_ASSERTIONS = NO;
				ENABLE_STRICT_OBJC_MSGSEND = YES;
				GCC_C_LANGUAGE_STANDARD = gnu99;
				GCC_NO_COMMON_BLOCKS = YES;
				GCC_WARN_64_TO_32_BIT_CONVERSION = YES;
				GCC_WARN_ABOUT_RETURN_TYPE = YES_ERROR;
				GCC_WARN_UNDECLARED_SELECTOR = YES;
				GCC_WARN_UNINITIALIZED_AUTOS = YES_AGGRESSIVE;
				GCC_WARN_UNUSED_FUNCTION = YES;
				GCC_WARN_UNUSED_VARIABLE = YES;
				IPHONEOS_DEPLOYMENT_TARGET = 10.3;
				MTL_ENABLE_DEBUG_INFO = NO;
				SDKROOT = iphoneos;
				SWIFT_OPTIMIZATION_LEVEL = "-Owholemodule";
				TARGETED_DEVICE_FAMILY = "1,2";
				VALIDATE_PRODUCT = YES;
			};
			name = Release;
		};
		84A8D08D1F45C7E6003FCB55 /* Debug */ = {
			isa = XCBuildConfiguration;
			baseConfigurationReference = 0EF30DF53BBACDF2A048D9C8 /* Pods-ICUcal.debug.xcconfig */;
			buildSettings = {
				ASSETCATALOG_COMPILER_APPICON_NAME = AppIcon;
				DEVELOPMENT_TEAM = TTBVAW2S4M;
				FRAMEWORK_SEARCH_PATHS = (
					"$(inherited)",
					"$(PROJECT_DIR)/build/Debug-iphoneos/Realm",
					"$(PROJECT_DIR)/build/Debug-iphoneos/RealmSwift",
				);
				INFOPLIST_FILE = ICUcal/Info.plist;
				LD_RUNPATH_SEARCH_PATHS = "$(inherited) @executable_path/Frameworks";
				PRODUCT_BUNDLE_IDENTIFIER = org.Thinc.ICUcal;
				PRODUCT_NAME = "$(TARGET_NAME)";
				SWIFT_VERSION = 3.0;
			};
			name = Debug;
		};
		84A8D08E1F45C7E6003FCB55 /* Release */ = {
			isa = XCBuildConfiguration;
			baseConfigurationReference = 5FE3F563D50B630F3A8A1BB2 /* Pods-ICUcal.release.xcconfig */;
			buildSettings = {
				ASSETCATALOG_COMPILER_APPICON_NAME = AppIcon;
				DEVELOPMENT_TEAM = TTBVAW2S4M;
				FRAMEWORK_SEARCH_PATHS = (
					"$(inherited)",
					"$(PROJECT_DIR)/build/Debug-iphoneos/Realm",
					"$(PROJECT_DIR)/build/Debug-iphoneos/RealmSwift",
				);
				INFOPLIST_FILE = ICUcal/Info.plist;
				LD_RUNPATH_SEARCH_PATHS = "$(inherited) @executable_path/Frameworks";
				PRODUCT_BUNDLE_IDENTIFIER = org.Thinc.ICUcal;
				PRODUCT_NAME = "$(TARGET_NAME)";
				SWIFT_VERSION = 3.0;
			};
			name = Release;
		};
		84A8D0901F45C7E6003FCB55 /* Debug */ = {
			isa = XCBuildConfiguration;
			baseConfigurationReference = 8A4FCDDD3FE43A7233851248 /* Pods-ICUcalTests.debug.xcconfig */;
			buildSettings = {
				ALWAYS_EMBED_SWIFT_STANDARD_LIBRARIES = YES;
				BUNDLE_LOADER = "$(TEST_HOST)";
				DEVELOPMENT_TEAM = TTBVAW2S4M;
				INFOPLIST_FILE = ICUcalTests/Info.plist;
				LD_RUNPATH_SEARCH_PATHS = "$(inherited) @executable_path/Frameworks @loader_path/Frameworks";
				PRODUCT_BUNDLE_IDENTIFIER = org.Thinc.ICUcalTests;
				PRODUCT_NAME = "$(TARGET_NAME)";
				SWIFT_VERSION = 3.0;
				TEST_HOST = "$(BUILT_PRODUCTS_DIR)/ICUcal.app/ICUcal";
			};
			name = Debug;
		};
		84A8D0911F45C7E6003FCB55 /* Release */ = {
			isa = XCBuildConfiguration;
			baseConfigurationReference = 1E6DE55BBD5471721674950D /* Pods-ICUcalTests.release.xcconfig */;
			buildSettings = {
				ALWAYS_EMBED_SWIFT_STANDARD_LIBRARIES = YES;
				BUNDLE_LOADER = "$(TEST_HOST)";
				DEVELOPMENT_TEAM = TTBVAW2S4M;
				INFOPLIST_FILE = ICUcalTests/Info.plist;
				LD_RUNPATH_SEARCH_PATHS = "$(inherited) @executable_path/Frameworks @loader_path/Frameworks";
				PRODUCT_BUNDLE_IDENTIFIER = org.Thinc.ICUcalTests;
				PRODUCT_NAME = "$(TARGET_NAME)";
				SWIFT_VERSION = 3.0;
				TEST_HOST = "$(BUILT_PRODUCTS_DIR)/ICUcal.app/ICUcal";
			};
			name = Release;
		};
		84A8D0931F45C7E6003FCB55 /* Debug */ = {
			isa = XCBuildConfiguration;
			baseConfigurationReference = 24DD54E58F75471470E52876 /* Pods-ICUcalUITests.debug.xcconfig */;
			buildSettings = {
				ALWAYS_EMBED_SWIFT_STANDARD_LIBRARIES = YES;
				DEVELOPMENT_TEAM = TTBVAW2S4M;
				INFOPLIST_FILE = ICUcalUITests/Info.plist;
				LD_RUNPATH_SEARCH_PATHS = "$(inherited) @executable_path/Frameworks @loader_path/Frameworks";
				PRODUCT_BUNDLE_IDENTIFIER = org.Thinc.ICUcalUITests;
				PRODUCT_NAME = "$(TARGET_NAME)";
				SWIFT_VERSION = 3.0;
				TEST_TARGET_NAME = ICUcal;
			};
			name = Debug;
		};
		84A8D0941F45C7E6003FCB55 /* Release */ = {
			isa = XCBuildConfiguration;
			baseConfigurationReference = C7092100A86447F727C75956 /* Pods-ICUcalUITests.release.xcconfig */;
			buildSettings = {
				ALWAYS_EMBED_SWIFT_STANDARD_LIBRARIES = YES;
				DEVELOPMENT_TEAM = TTBVAW2S4M;
				INFOPLIST_FILE = ICUcalUITests/Info.plist;
				LD_RUNPATH_SEARCH_PATHS = "$(inherited) @executable_path/Frameworks @loader_path/Frameworks";
				PRODUCT_BUNDLE_IDENTIFIER = org.Thinc.ICUcalUITests;
				PRODUCT_NAME = "$(TARGET_NAME)";
				SWIFT_VERSION = 3.0;
				TEST_TARGET_NAME = ICUcal;
			};
			name = Release;
		};
/* End XCBuildConfiguration section */

/* Begin XCConfigurationList section */
		84A8D05F1F45C7E5003FCB55 /* Build configuration list for PBXProject "ICUcal" */ = {
			isa = XCConfigurationList;
			buildConfigurations = (
				84A8D08A1F45C7E6003FCB55 /* Debug */,
				84A8D08B1F45C7E6003FCB55 /* Release */,
			);
			defaultConfigurationIsVisible = 0;
			defaultConfigurationName = Release;
		};
		84A8D08C1F45C7E6003FCB55 /* Build configuration list for PBXNativeTarget "ICUcal" */ = {
			isa = XCConfigurationList;
			buildConfigurations = (
				84A8D08D1F45C7E6003FCB55 /* Debug */,
				84A8D08E1F45C7E6003FCB55 /* Release */,
			);
			defaultConfigurationIsVisible = 0;
			defaultConfigurationName = Release;
		};
		84A8D08F1F45C7E6003FCB55 /* Build configuration list for PBXNativeTarget "ICUcalTests" */ = {
			isa = XCConfigurationList;
			buildConfigurations = (
				84A8D0901F45C7E6003FCB55 /* Debug */,
				84A8D0911F45C7E6003FCB55 /* Release */,
			);
			defaultConfigurationIsVisible = 0;
			defaultConfigurationName = Release;
		};
		84A8D0921F45C7E6003FCB55 /* Build configuration list for PBXNativeTarget "ICUcalUITests" */ = {
			isa = XCConfigurationList;
			buildConfigurations = (
				84A8D0931F45C7E6003FCB55 /* Debug */,
				84A8D0941F45C7E6003FCB55 /* Release */,
			);
			defaultConfigurationIsVisible = 0;
			defaultConfigurationName = Release;
		};
/* End XCConfigurationList section */
	};
	rootObject = 84A8D05C1F45C7E5003FCB55 /* Project object */;
}
